// !$*UTF8*$!
{
	archiveVersion = 1;
	classes = {
	};
	objectVersion = 55;
	objects = {

/* Begin PBXBuildFile section */
		882ECAED28FAC4CA00216EC3 /* RestartApp.swift in Sources */ = {isa = PBXBuildFile; fileRef = 882ECAEC28FAC4CA00216EC3 /* RestartApp.swift */; };
		882ECAEF28FAC4CA00216EC3 /* ContentView.swift in Sources */ = {isa = PBXBuildFile; fileRef = 882ECAEE28FAC4CA00216EC3 /* ContentView.swift */; };
		882ECAF128FAC4CB00216EC3 /* Assets.xcassets in Resources */ = {isa = PBXBuildFile; fileRef = 882ECAF028FAC4CB00216EC3 /* Assets.xcassets */; };
		882ECAF428FAC4CB00216EC3 /* Preview Assets.xcassets in Resources */ = {isa = PBXBuildFile; fileRef = 882ECAF328FAC4CB00216EC3 /* Preview Assets.xcassets */; };
		882ECAFE28FAC4CB00216EC3 /* RestartTests.swift in Sources */ = {isa = PBXBuildFile; fileRef = 882ECAFD28FAC4CB00216EC3 /* RestartTests.swift */; };
		882ECB0828FAC4CB00216EC3 /* RestartUITests.swift in Sources */ = {isa = PBXBuildFile; fileRef = 882ECB0728FAC4CB00216EC3 /* RestartUITests.swift */; };
		882ECB0A28FAC4CB00216EC3 /* RestartUITestsLaunchTests.swift in Sources */ = {isa = PBXBuildFile; fileRef = 882ECB0928FAC4CB00216EC3 /* RestartUITestsLaunchTests.swift */; };
		882ECB1828FAC56D00216EC3 /* chimeup.mp3 in Resources */ = {isa = PBXBuildFile; fileRef = 882ECB1628FAC56D00216EC3 /* chimeup.mp3 */; };
		882ECB1928FAC56D00216EC3 /* success.m4a in Resources */ = {isa = PBXBuildFile; fileRef = 882ECB1728FAC56D00216EC3 /* success.m4a */; };
		882ECB2228FACAB100216EC3 /* OnboardingView.swift in Sources */ = {isa = PBXBuildFile; fileRef = 882ECB2128FACAB100216EC3 /* OnboardingView.swift */; };
		882ECB2428FACB9000216EC3 /* HomeView.swift in Sources */ = {isa = PBXBuildFile; fileRef = 882ECB2328FACB9000216EC3 /* HomeView.swift */; };
		885DAF3628FEE52400848E78 /* CircleGroupView.swift in Sources */ = {isa = PBXBuildFile; fileRef = 885DAF3528FEE52400848E78 /* CircleGroupView.swift */; };
/* End PBXBuildFile section */

/* Begin PBXContainerItemProxy section */
		882ECAFA28FAC4CB00216EC3 /* PBXContainerItemProxy */ = {
			isa = PBXContainerItemProxy;
			containerPortal = 882ECAE128FAC4CA00216EC3 /* Project object */;
			proxyType = 1;
			remoteGlobalIDString = 882ECAE828FAC4CA00216EC3;
			remoteInfo = Restart;
		};
		882ECB0428FAC4CB00216EC3 /* PBXContainerItemProxy */ = {
			isa = PBXContainerItemProxy;
			containerPortal = 882ECAE128FAC4CA00216EC3 /* Project object */;
			proxyType = 1;
			remoteGlobalIDString = 882ECAE828FAC4CA00216EC3;
			remoteInfo = Restart;
		};
/* End PBXContainerItemProxy section */

/* Begin PBXFileReference section */
		882ECAE928FAC4CA00216EC3 /* Restart.app */ = {isa = PBXFileReference; explicitFileType = wrapper.application; includeInIndex = 0; path = Restart.app; sourceTree = BUILT_PRODUCTS_DIR; };
		882ECAEC28FAC4CA00216EC3 /* RestartApp.swift */ = {isa = PBXFileReference; lastKnownFileType = sourcecode.swift; path = RestartApp.swift; sourceTree = "<group>"; };
		882ECAEE28FAC4CA00216EC3 /* ContentView.swift */ = {isa = PBXFileReference; lastKnownFileType = sourcecode.swift; path = ContentView.swift; sourceTree = "<group>"; };
		882ECAF028FAC4CB00216EC3 /* Assets.xcassets */ = {isa = PBXFileReference; lastKnownFileType = folder.assetcatalog; path = Assets.xcassets; sourceTree = "<group>"; };
		882ECAF328FAC4CB00216EC3 /* Preview Assets.xcassets */ = {isa = PBXFileReference; lastKnownFileType = folder.assetcatalog; path = "Preview Assets.xcassets"; sourceTree = "<group>"; };
		882ECAF928FAC4CB00216EC3 /* RestartTests.xctest */ = {isa = PBXFileReference; explicitFileType = wrapper.cfbundle; includeInIndex = 0; path = RestartTests.xctest; sourceTree = BUILT_PRODUCTS_DIR; };
		882ECAFD28FAC4CB00216EC3 /* RestartTests.swift */ = {isa = PBXFileReference; lastKnownFileType = sourcecode.swift; path = RestartTests.swift; sourceTree = "<group>"; };
		882ECB0328FAC4CB00216EC3 /* RestartUITests.xctest */ = {isa = PBXFileReference; explicitFileType = wrapper.cfbundle; includeInIndex = 0; path = RestartUITests.xctest; sourceTree = BUILT_PRODUCTS_DIR; };
		882ECB0728FAC4CB00216EC3 /* RestartUITests.swift */ = {isa = PBXFileReference; lastKnownFileType = sourcecode.swift; path = RestartUITests.swift; sourceTree = "<group>"; };
		882ECB0928FAC4CB00216EC3 /* RestartUITestsLaunchTests.swift */ = {isa = PBXFileReference; lastKnownFileType = sourcecode.swift; path = RestartUITestsLaunchTests.swift; sourceTree = "<group>"; };
		882ECB1628FAC56D00216EC3 /* chimeup.mp3 */ = {isa = PBXFileReference; lastKnownFileType = audio.mp3; path = chimeup.mp3; sourceTree = "<group>"; };
		882ECB1728FAC56D00216EC3 /* success.m4a */ = {isa = PBXFileReference; lastKnownFileType = file; path = success.m4a; sourceTree = "<group>"; };
		882ECB2028FAC9F300216EC3 /* Info.plist */ = {isa = PBXFileReference; lastKnownFileType = text.plist; path = Info.plist; sourceTree = "<group>"; };
		882ECB2128FACAB100216EC3 /* OnboardingView.swift */ = {isa = PBXFileReference; lastKnownFileType = sourcecode.swift; path = OnboardingView.swift; sourceTree = "<group>"; };
		882ECB2328FACB9000216EC3 /* HomeView.swift */ = {isa = PBXFileReference; lastKnownFileType = sourcecode.swift; path = HomeView.swift; sourceTree = "<group>"; };
		885DAF3528FEE52400848E78 /* CircleGroupView.swift */ = {isa = PBXFileReference; lastKnownFileType = sourcecode.swift; path = CircleGroupView.swift; sourceTree = "<group>"; };
/* End PBXFileReference section */

/* Begin PBXFrameworksBuildPhase section */
		882ECAE628FAC4CA00216EC3 /* Frameworks */ = {
			isa = PBXFrameworksBuildPhase;
			buildActionMask = 2147483647;
			files = (
			);
			runOnlyForDeploymentPostprocessing = 0;
		};
		882ECAF628FAC4CB00216EC3 /* Frameworks */ = {
			isa = PBXFrameworksBuildPhase;
			buildActionMask = 2147483647;
			files = (
			);
			runOnlyForDeploymentPostprocessing = 0;
		};
		882ECB0028FAC4CB00216EC3 /* Frameworks */ = {
			isa = PBXFrameworksBuildPhase;
			buildActionMask = 2147483647;
			files = (
			);
			runOnlyForDeploymentPostprocessing = 0;
		};
/* End PBXFrameworksBuildPhase section */

/* Begin PBXGroup section */
		882ECAE028FAC4CA00216EC3 = {
			isa = PBXGroup;
			children = (
				882ECAEB28FAC4CA00216EC3 /* Restart */,
				882ECAFC28FAC4CB00216EC3 /* RestartTests */,
				882ECB0628FAC4CB00216EC3 /* RestartUITests */,
				882ECAEA28FAC4CA00216EC3 /* Products */,
			);
			sourceTree = "<group>";
		};
		882ECAEA28FAC4CA00216EC3 /* Products */ = {
			isa = PBXGroup;
			children = (
				882ECAE928FAC4CA00216EC3 /* Restart.app */,
				882ECAF928FAC4CB00216EC3 /* RestartTests.xctest */,
				882ECB0328FAC4CB00216EC3 /* RestartUITests.xctest */,
			);
			name = Products;
			sourceTree = "<group>";
		};
		882ECAEB28FAC4CA00216EC3 /* Restart */ = {
			isa = PBXGroup;
			children = (
				882ECB2028FAC9F300216EC3 /* Info.plist */,
				882ECB1F28FAC80B00216EC3 /* Utilities */,
				882ECB1E28FAC7E900216EC3 /* Views */,
				882ECB1D28FAC7CA00216EC3 /* Screens */,
				882ECB1B28FAC59E00216EC3 /* Sounds */,
				882ECAEC28FAC4CA00216EC3 /* RestartApp.swift */,
				882ECAF028FAC4CB00216EC3 /* Assets.xcassets */,
				882ECAF228FAC4CB00216EC3 /* Preview Content */,
			);
			path = Restart;
			sourceTree = "<group>";
		};
		882ECAF228FAC4CB00216EC3 /* Preview Content */ = {
			isa = PBXGroup;
			children = (
				882ECAF328FAC4CB00216EC3 /* Preview Assets.xcassets */,
			);
			path = "Preview Content";
			sourceTree = "<group>";
		};
		882ECAFC28FAC4CB00216EC3 /* RestartTests */ = {
			isa = PBXGroup;
			children = (
				882ECAFD28FAC4CB00216EC3 /* RestartTests.swift */,
			);
			path = RestartTests;
			sourceTree = "<group>";
		};
		882ECB0628FAC4CB00216EC3 /* RestartUITests */ = {
			isa = PBXGroup;
			children = (
				882ECB0728FAC4CB00216EC3 /* RestartUITests.swift */,
				882ECB0928FAC4CB00216EC3 /* RestartUITestsLaunchTests.swift */,
			);
			path = RestartUITests;
			sourceTree = "<group>";
		};
		882ECB1B28FAC59E00216EC3 /* Sounds */ = {
			isa = PBXGroup;
			children = (
				882ECB1728FAC56D00216EC3 /* success.m4a */,
				882ECB1628FAC56D00216EC3 /* chimeup.mp3 */,
			);
			path = Sounds;
			sourceTree = "<group>";
		};
		882ECB1D28FAC7CA00216EC3 /* Screens */ = {
			isa = PBXGroup;
			children = (
				882ECAEE28FAC4CA00216EC3 /* ContentView.swift */,
				882ECB2128FACAB100216EC3 /* OnboardingView.swift */,
				882ECB2328FACB9000216EC3 /* HomeView.swift */,
			);
			path = Screens;
			sourceTree = "<group>";
		};
		882ECB1E28FAC7E900216EC3 /* Views */ = {
			isa = PBXGroup;
			children = (
				885DAF3528FEE52400848E78 /* CircleGroupView.swift */,
			);
			path = Views;
			sourceTree = "<group>";
		};
		882ECB1F28FAC80B00216EC3 /* Utilities */ = {
			isa = PBXGroup;
			children = (
			);
			path = Utilities;
			sourceTree = "<group>";
		};
/* End PBXGroup section */

/* Begin PBXNativeTarget section */
		882ECAE828FAC4CA00216EC3 /* Restart */ = {
			isa = PBXNativeTarget;
			buildConfigurationList = 882ECB0D28FAC4CB00216EC3 /* Build configuration list for PBXNativeTarget "Restart" */;
			buildPhases = (
				882ECAE528FAC4CA00216EC3 /* Sources */,
				882ECAE628FAC4CA00216EC3 /* Frameworks */,
				882ECAE728FAC4CA00216EC3 /* Resources */,
			);
			buildRules = (
			);
			dependencies = (
			);
			name = Restart;
			productName = Restart;
			productReference = 882ECAE928FAC4CA00216EC3 /* Restart.app */;
			productType = "com.apple.product-type.application";
		};
		882ECAF828FAC4CB00216EC3 /* RestartTests */ = {
			isa = PBXNativeTarget;
			buildConfigurationList = 882ECB1028FAC4CB00216EC3 /* Build configuration list for PBXNativeTarget "RestartTests" */;
			buildPhases = (
				882ECAF528FAC4CB00216EC3 /* Sources */,
				882ECAF628FAC4CB00216EC3 /* Frameworks */,
				882ECAF728FAC4CB00216EC3 /* Resources */,
			);
			buildRules = (
			);
			dependencies = (
				882ECAFB28FAC4CB00216EC3 /* PBXTargetDependency */,
			);
			name = RestartTests;
			productName = RestartTests;
			productReference = 882ECAF928FAC4CB00216EC3 /* RestartTests.xctest */;
			productType = "com.apple.product-type.bundle.unit-test";
		};
		882ECB0228FAC4CB00216EC3 /* RestartUITests */ = {
			isa = PBXNativeTarget;
			buildConfigurationList = 882ECB1328FAC4CB00216EC3 /* Build configuration list for PBXNativeTarget "RestartUITests" */;
			buildPhases = (
				882ECAFF28FAC4CB00216EC3 /* Sources */,
				882ECB0028FAC4CB00216EC3 /* Frameworks */,
				882ECB0128FAC4CB00216EC3 /* Resources */,
			);
			buildRules = (
			);
			dependencies = (
				882ECB0528FAC4CB00216EC3 /* PBXTargetDependency */,
			);
			name = RestartUITests;
			productName = RestartUITests;
			productReference = 882ECB0328FAC4CB00216EC3 /* RestartUITests.xctest */;
			productType = "com.apple.product-type.bundle.ui-testing";
		};
/* End PBXNativeTarget section */

/* Begin PBXProject section */
		882ECAE128FAC4CA00216EC3 /* Project object */ = {
			isa = PBXProject;
			attributes = {
				BuildIndependentTargetsInParallel = 1;
				LastSwiftUpdateCheck = 1340;
				LastUpgradeCheck = 1340;
				TargetAttributes = {
					882ECAE828FAC4CA00216EC3 = {
						CreatedOnToolsVersion = 13.4.1;
					};
					882ECAF828FAC4CB00216EC3 = {
						CreatedOnToolsVersion = 13.4.1;
						TestTargetID = 882ECAE828FAC4CA00216EC3;
					};
					882ECB0228FAC4CB00216EC3 = {
						CreatedOnToolsVersion = 13.4.1;
						TestTargetID = 882ECAE828FAC4CA00216EC3;
					};
				};
			};
			buildConfigurationList = 882ECAE428FAC4CA00216EC3 /* Build configuration list for PBXProject "Restart" */;
			compatibilityVersion = "Xcode 13.0";
			developmentRegion = en;
			hasScannedForEncodings = 0;
			knownRegions = (
				en,
				Base,
			);
			mainGroup = 882ECAE028FAC4CA00216EC3;
			productRefGroup = 882ECAEA28FAC4CA00216EC3 /* Products */;
			projectDirPath = "";
			projectRoot = "";
			targets = (
				882ECAE828FAC4CA00216EC3 /* Restart */,
				882ECAF828FAC4CB00216EC3 /* RestartTests */,
				882ECB0228FAC4CB00216EC3 /* RestartUITests */,
			);
		};
/* End PBXProject section */

/* Begin PBXResourcesBuildPhase section */
		882ECAE728FAC4CA00216EC3 /* Resources */ = {
			isa = PBXResourcesBuildPhase;
			buildActionMask = 2147483647;
			files = (
				882ECB1928FAC56D00216EC3 /* success.m4a in Resources */,
				882ECB1828FAC56D00216EC3 /* chimeup.mp3 in Resources */,
				882ECAF428FAC4CB00216EC3 /* Preview Assets.xcassets in Resources */,
				882ECAF128FAC4CB00216EC3 /* Assets.xcassets in Resources */,
			);
			runOnlyForDeploymentPostprocessing = 0;
		};
		882ECAF728FAC4CB00216EC3 /* Resources */ = {
			isa = PBXResourcesBuildPhase;
			buildActionMask = 2147483647;
			files = (
			);
			runOnlyForDeploymentPostprocessing = 0;
		};
		882ECB0128FAC4CB00216EC3 /* Resources */ = {
			isa = PBXResourcesBuildPhase;
			buildActionMask = 2147483647;
			files = (
			);
			runOnlyForDeploymentPostprocessing = 0;
		};
/* End PBXResourcesBuildPhase section */

/* Begin PBXSourcesBuildPhase section */
		882ECAE528FAC4CA00216EC3 /* Sources */ = {
			isa = PBXSourcesBuildPhase;
			buildActionMask = 2147483647;
			files = (
				882ECB2228FACAB100216EC3 /* OnboardingView.swift in Sources */,
				882ECB2428FACB9000216EC3 /* HomeView.swift in Sources */,
				882ECAEF28FAC4CA00216EC3 /* ContentView.swift in Sources */,
				882ECAED28FAC4CA00216EC3 /* RestartApp.swift in Sources */,
				885DAF3628FEE52400848E78 /* CircleGroupView.swift in Sources */,
			);
			runOnlyForDeploymentPostprocessing = 0;
		};
		882ECAF528FAC4CB00216EC3 /* Sources */ = {
			isa = PBXSourcesBuildPhase;
			buildActionMask = 2147483647;
			files = (
				882ECAFE28FAC4CB00216EC3 /* RestartTests.swift in Sources */,
			);
			runOnlyForDeploymentPostprocessing = 0;
		};
		882ECAFF28FAC4CB00216EC3 /* Sources */ = {
			isa = PBXSourcesBuildPhase;
			buildActionMask = 2147483647;
			files = (
				882ECB0A28FAC4CB00216EC3 /* RestartUITestsLaunchTests.swift in Sources */,
				882ECB0828FAC4CB00216EC3 /* RestartUITests.swift in Sources */,
			);
			runOnlyForDeploymentPostprocessing = 0;
		};
/* End PBXSourcesBuildPhase section */

/* Begin PBXTargetDependency section */
		882ECAFB28FAC4CB00216EC3 /* PBXTargetDependency */ = {
			isa = PBXTargetDependency;
			target = 882ECAE828FAC4CA00216EC3 /* Restart */;
			targetProxy = 882ECAFA28FAC4CB00216EC3 /* PBXContainerItemProxy */;
		};
		882ECB0528FAC4CB00216EC3 /* PBXTargetDependency */ = {
			isa = PBXTargetDependency;
			target = 882ECAE828FAC4CA00216EC3 /* Restart */;
			targetProxy = 882ECB0428FAC4CB00216EC3 /* PBXContainerItemProxy */;
		};
/* End PBXTargetDependency section */

/* Begin XCBuildConfiguration section */
		882ECB0B28FAC4CB00216EC3 /* Debug */ = {
			isa = XCBuildConfiguration;
			buildSettings = {
				ALWAYS_SEARCH_USER_PATHS = NO;
				CLANG_ANALYZER_NONNULL = YES;
				CLANG_ANALYZER_NUMBER_OBJECT_CONVERSION = YES_AGGRESSIVE;
				CLANG_CXX_LANGUAGE_STANDARD = "gnu++17";
				CLANG_ENABLE_MODULES = YES;
				CLANG_ENABLE_OBJC_ARC = YES;
				CLANG_ENABLE_OBJC_WEAK = YES;
				CLANG_WARN_BLOCK_CAPTURE_AUTORELEASING = YES;
				CLANG_WARN_BOOL_CONVERSION = YES;
				CLANG_WARN_COMMA = YES;
				CLANG_WARN_CONSTANT_CONVERSION = YES;
				CLANG_WARN_DEPRECATED_OBJC_IMPLEMENTATIONS = YES;
				CLANG_WARN_DIRECT_OBJC_ISA_USAGE = YES_ERROR;
				CLANG_WARN_DOCUMENTATION_COMMENTS = YES;
				CLANG_WARN_EMPTY_BODY = YES;
				CLANG_WARN_ENUM_CONVERSION = YES;
				CLANG_WARN_INFINITE_RECURSION = YES;
				CLANG_WARN_INT_CONVERSION = YES;
				CLANG_WARN_NON_LITERAL_NULL_CONVERSION = YES;
				CLANG_WARN_OBJC_IMPLICIT_RETAIN_SELF = YES;
				CLANG_WARN_OBJC_LITERAL_CONVERSION = YES;
				CLANG_WARN_OBJC_ROOT_CLASS = YES_ERROR;
				CLANG_WARN_QUOTED_INCLUDE_IN_FRAMEWORK_HEADER = YES;
				CLANG_WARN_RANGE_LOOP_ANALYSIS = YES;
				CLANG_WARN_STRICT_PROTOTYPES = YES;
				CLANG_WARN_SUSPICIOUS_MOVE = YES;
				CLANG_WARN_UNGUARDED_AVAILABILITY = YES_AGGRESSIVE;
				CLANG_WARN_UNREACHABLE_CODE = YES;
				CLANG_WARN__DUPLICATE_METHOD_MATCH = YES;
				COPY_PHASE_STRIP = NO;
				DEBUG_INFORMATION_FORMAT = dwarf;
				ENABLE_STRICT_OBJC_MSGSEND = YES;
				ENABLE_TESTABILITY = YES;
				GCC_C_LANGUAGE_STANDARD = gnu11;
				GCC_DYNAMIC_NO_PIC = NO;
				GCC_NO_COMMON_BLOCKS = YES;
				GCC_OPTIMIZATION_LEVEL = 0;
				GCC_PREPROCESSOR_DEFINITIONS = (
					"DEBUG=1",
					"$(inherited)",
				);
				GCC_WARN_64_TO_32_BIT_CONVERSION = YES;
				GCC_WARN_ABOUT_RETURN_TYPE = YES_ERROR;
				GCC_WARN_UNDECLARED_SELECTOR = YES;
				GCC_WARN_UNINITIALIZED_AUTOS = YES_AGGRESSIVE;
				GCC_WARN_UNUSED_FUNCTION = YES;
				GCC_WARN_UNUSED_VARIABLE = YES;
				IPHONEOS_DEPLOYMENT_TARGET = 15.5;
				MTL_ENABLE_DEBUG_INFO = INCLUDE_SOURCE;
				MTL_FAST_MATH = YES;
				ONLY_ACTIVE_ARCH = YES;
				SDKROOT = iphoneos;
				SWIFT_ACTIVE_COMPILATION_CONDITIONS = DEBUG;
				SWIFT_OPTIMIZATION_LEVEL = "-Onone";
			};
			name = Debug;
		};
		882ECB0C28FAC4CB00216EC3 /* Release */ = {
			isa = XCBuildConfiguration;
			buildSettings = {
				ALWAYS_SEARCH_USER_PATHS = NO;
				CLANG_ANALYZER_NONNULL = YES;
				CLANG_ANALYZER_NUMBER_OBJECT_CONVERSION = YES_AGGRESSIVE;
				CLANG_CXX_LANGUAGE_STANDARD = "gnu++17";
				CLANG_ENABLE_MODULES = YES;
				CLANG_ENABLE_OBJC_ARC = YES;
				CLANG_ENABLE_OBJC_WEAK = YES;
				CLANG_WARN_BLOCK_CAPTURE_AUTORELEASING = YES;
				CLANG_WARN_BOOL_CONVERSION = YES;
				CLANG_WARN_COMMA = YES;
				CLANG_WARN_CONSTANT_CONVERSION = YES;
				CLANG_WARN_DEPRECATED_OBJC_IMPLEMENTATIONS = YES;
				CLANG_WARN_DIRECT_OBJC_ISA_USAGE = YES_ERROR;
				CLANG_WARN_DOCUMENTATION_COMMENTS = YES;
				CLANG_WARN_EMPTY_BODY = YES;
				CLANG_WARN_ENUM_CONVERSION = YES;
				CLANG_WARN_INFINITE_RECURSION = YES;
				CLANG_WARN_INT_CONVERSION = YES;
				CLANG_WARN_NON_LITERAL_NULL_CONVERSION = YES;
				CLANG_WARN_OBJC_IMPLICIT_RETAIN_SELF = YES;
				CLANG_WARN_OBJC_LITERAL_CONVERSION = YES;
				CLANG_WARN_OBJC_ROOT_CLASS = YES_ERROR;
				CLANG_WARN_QUOTED_INCLUDE_IN_FRAMEWORK_HEADER = YES;
				CLANG_WARN_RANGE_LOOP_ANALYSIS = YES;
				CLANG_WARN_STRICT_PROTOTYPES = YES;
				CLANG_WARN_SUSPICIOUS_MOVE = YES;
				CLANG_WARN_UNGUARDED_AVAILABILITY = YES_AGGRESSIVE;
				CLANG_WARN_UNREACHABLE_CODE = YES;
				CLANG_WARN__DUPLICATE_METHOD_MATCH = YES;
				COPY_PHASE_STRIP = NO;
				DEBUG_INFORMATION_FORMAT = "dwarf-with-dsym";
				ENABLE_NS_ASSERTIONS = NO;
				ENABLE_STRICT_OBJC_MSGSEND = YES;
				GCC_C_LANGUAGE_STANDARD = gnu11;
				GCC_NO_COMMON_BLOCKS = YES;
				GCC_WARN_64_TO_32_BIT_CONVERSION = YES;
				GCC_WARN_ABOUT_RETURN_TYPE = YES_ERROR;
				GCC_WARN_UNDECLARED_SELECTOR = YES;
				GCC_WARN_UNINITIALIZED_AUTOS = YES_AGGRESSIVE;
				GCC_WARN_UNUSED_FUNCTION = YES;
				GCC_WARN_UNUSED_VARIABLE = YES;
				IPHONEOS_DEPLOYMENT_TARGET = 15.5;
				MTL_ENABLE_DEBUG_INFO = NO;
				MTL_FAST_MATH = YES;
				SDKROOT = iphoneos;
				SWIFT_COMPILATION_MODE = wholemodule;
				SWIFT_OPTIMIZATION_LEVEL = "-O";
				VALIDATE_PRODUCT = YES;
			};
			name = Release;
		};
		882ECB0E28FAC4CB00216EC3 /* Debug */ = {
			isa = XCBuildConfiguration;
			buildSettings = {
				ASSETCATALOG_COMPILER_APPICON_NAME = AppIcon;
				ASSETCATALOG_COMPILER_GLOBAL_ACCENT_COLOR_NAME = AccentColor;
				CODE_SIGN_STYLE = Automatic;
				CURRENT_PROJECT_VERSION = 1;
				DEVELOPMENT_ASSET_PATHS = "\"Restart/Preview Content\"";
				ENABLE_PREVIEWS = YES;
				GENERATE_INFOPLIST_FILE = YES;
				INFOPLIST_FILE = Restart/Info.plist;
				INFOPLIST_KEY_UIApplicationSceneManifest_Generation = YES;
				INFOPLIST_KEY_UIApplicationSupportsIndirectInputEvents = YES;
				INFOPLIST_KEY_UISupportedInterfaceOrientations = UIInterfaceOrientationPortrait;
				INFOPLIST_KEY_UISupportedInterfaceOrientations_iPad = "UIInterfaceOrientationPortrait UIInterfaceOrientationPortraitUpsideDown UIInterfaceOrientationLandscapeLeft UIInterfaceOrientationLandscapeRight";
				INFOPLIST_KEY_UISupportedInterfaceOrientations_iPhone = UIInterfaceOrientationPortrait;
				LD_RUNPATH_SEARCH_PATHS = (
					"$(inherited)",
					"@executable_path/Frameworks",
				);
				MARKETING_VERSION = 1.0;
				PRODUCT_BUNDLE_IDENTIFIER = com.ridhomujizat.Restart;
				PRODUCT_NAME = "$(TARGET_NAME)";
				SWIFT_EMIT_LOC_STRINGS = YES;
				SWIFT_VERSION = 5.0;
				TARGETED_DEVICE_FAMILY = "1,2";
			};
			name = Debug;
		};
		882ECB0F28FAC4CB00216EC3 /* Release */ = {
			isa = XCBuildConfiguration;
			buildSettings = {
				ASSETCATALOG_COMPILER_APPICON_NAME = AppIcon;
				ASSETCATALOG_COMPILER_GLOBAL_ACCENT_COLOR_NAME = AccentColor;
				CODE_SIGN_STYLE = Automatic;
				CURRENT_PROJECT_VERSION = 1;
				DEVELOPMENT_ASSET_PATHS = "\"Restart/Preview Content\"";
				ENABLE_PREVIEWS = YES;
				GENERATE_INFOPLIST_FILE = YES;
				INFOPLIST_FILE = Restart/Info.plist;
				INFOPLIST_KEY_UIApplicationSceneManifest_Generation = YES;
				INFOPLIST_KEY_UIApplicationSupportsIndirectInputEvents = YES;
				INFOPLIST_KEY_UISupportedInterfaceOrientations = UIInterfaceOrientationPortrait;
				INFOPLIST_KEY_UISupportedInterfaceOrientations_iPad = "UIInterfaceOrientationPortrait UIInterfaceOrientationPortraitUpsideDown UIInterfaceOrientationLandscapeLeft UIInterfaceOrientationLandscapeRight";
				INFOPLIST_KEY_UISupportedInterfaceOrientations_iPhone = UIInterfaceOrientationPortrait;
				LD_RUNPATH_SEARCH_PATHS = (
					"$(inherited)",
					"@executable_path/Frameworks",
				);
				MARKETING_VERSION = 1.0;
				PRODUCT_BUNDLE_IDENTIFIER = com.ridhomujizat.Restart;
				PRODUCT_NAME = "$(TARGET_NAME)";
				SWIFT_EMIT_LOC_STRINGS = YES;
				SWIFT_VERSION = 5.0;
				TARGETED_DEVICE_FAMILY = "1,2";
			};
			name = Release;
		};
		882ECB1128FAC4CB00216EC3 /* Debug */ = {
			isa = XCBuildConfiguration;
			buildSettings = {
				ALWAYS_EMBED_SWIFT_STANDARD_LIBRARIES = YES;
				BUNDLE_LOADER = "$(TEST_HOST)";
				CODE_SIGN_STYLE = Automatic;
				CURRENT_PROJECT_VERSION = 1;
				GENERATE_INFOPLIST_FILE = YES;
				IPHONEOS_DEPLOYMENT_TARGET = 15.5;
				MARKETING_VERSION = 1.0;
				PRODUCT_BUNDLE_IDENTIFIER = com.ridhomujizat.RestartTests;
				PRODUCT_NAME = "$(TARGET_NAME)";
				SWIFT_EMIT_LOC_STRINGS = NO;
				SWIFT_VERSION = 5.0;
				TARGETED_DEVICE_FAMILY = "1,2";
				TEST_HOST = "$(BUILT_PRODUCTS_DIR)/Restart.app/Restart";
			};
			name = Debug;
		};
		882ECB1228FAC4CB00216EC3 /* Release */ = {
			isa = XCBuildConfiguration;
			buildSettings = {
				ALWAYS_EMBED_SWIFT_STANDARD_LIBRARIES = YES;
				BUNDLE_LOADER = "$(TEST_HOST)";
				CODE_SIGN_STYLE = Automatic;
				CURRENT_PROJECT_VERSION = 1;
				GENERATE_INFOPLIST_FILE = YES;
				IPHONEOS_DEPLOYMENT_TARGET = 15.5;
				MARKETING_VERSION = 1.0;
				PRODUCT_BUNDLE_IDENTIFIER = com.ridhomujizat.RestartTests;
				PRODUCT_NAME = "$(TARGET_NAME)";
				SWIFT_EMIT_LOC_STRINGS = NO;
				SWIFT_VERSION = 5.0;
				TARGETED_DEVICE_FAMILY = "1,2";
				TEST_HOST = "$(BUILT_PRODUCTS_DIR)/Restart.app/Restart";
			};
			name = Release;
		};
		882ECB1428FAC4CB00216EC3 /* Debug */ = {
			isa = XCBuildConfiguration;
			buildSettings = {
				ALWAYS_EMBED_SWIFT_STANDARD_LIBRARIES = YES;
				CODE_SIGN_STYLE = Automatic;
				CURRENT_PROJECT_VERSION = 1;
				GENERATE_INFOPLIST_FILE = YES;
				MARKETING_VERSION = 1.0;
				PRODUCT_BUNDLE_IDENTIFIER = com.ridhomujizat.RestartUITests;
				PRODUCT_NAME = "$(TARGET_NAME)";
				SWIFT_EMIT_LOC_STRINGS = NO;
				SWIFT_VERSION = 5.0;
				TARGETED_DEVICE_FAMILY = "1,2";
				TEST_TARGET_NAME = Restart;
			};
			name = Debug;
		};
		882ECB1528FAC4CB00216EC3 /* Release */ = {
			isa = XCBuildConfiguration;
			buildSettings = {
				ALWAYS_EMBED_SWIFT_STANDARD_LIBRARIES = YES;
				CODE_SIGN_STYLE = Automatic;
				CURRENT_PROJECT_VERSION = 1;
				GENERATE_INFOPLIST_FILE = YES;
				MARKETING_VERSION = 1.0;
				PRODUCT_BUNDLE_IDENTIFIER = com.ridhomujizat.RestartUITests;
				PRODUCT_NAME = "$(TARGET_NAME)";
				SWIFT_EMIT_LOC_STRINGS = NO;
				SWIFT_VERSION = 5.0;
				TARGETED_DEVICE_FAMILY = "1,2";
				TEST_TARGET_NAME = Restart;
			};
			name = Release;
		};
/* End XCBuildConfiguration section */

/* Begin XCConfigurationList section */
		882ECAE428FAC4CA00216EC3 /* Build configuration list for PBXProject "Restart" */ = {
			isa = XCConfigurationList;
			buildConfigurations = (
				882ECB0B28FAC4CB00216EC3 /* Debug */,
				882ECB0C28FAC4CB00216EC3 /* Release */,
			);
			defaultConfigurationIsVisible = 0;
			defaultConfigurationName = Release;
		};
		882ECB0D28FAC4CB00216EC3 /* Build configuration list for PBXNativeTarget "Restart" */ = {
			isa = XCConfigurationList;
			buildConfigurations = (
				882ECB0E28FAC4CB00216EC3 /* Debug */,
				882ECB0F28FAC4CB00216EC3 /* Release */,
			);
			defaultConfigurationIsVisible = 0;
			defaultConfigurationName = Release;
		};
		882ECB1028FAC4CB00216EC3 /* Build configuration list for PBXNativeTarget "RestartTests" */ = {
			isa = XCConfigurationList;
			buildConfigurations = (
				882ECB1128FAC4CB00216EC3 /* Debug */,
				882ECB1228FAC4CB00216EC3 /* Release */,
			);
			defaultConfigurationIsVisible = 0;
			defaultConfigurationName = Release;
		};
		882ECB1328FAC4CB00216EC3 /* Build configuration list for PBXNativeTarget "RestartUITests" */ = {
			isa = XCConfigurationList;
			buildConfigurations = (
				882ECB1428FAC4CB00216EC3 /* Debug */,
				882ECB1528FAC4CB00216EC3 /* Release */,
			);
			defaultConfigurationIsVisible = 0;
			defaultConfigurationName = Release;
		};
/* End XCConfigurationList section */
	};
	rootObject = 882ECAE128FAC4CA00216EC3 /* Project object */;
}
